PODS:
  - Swiftea (0.1.3)
  - Swiftea/Tests (0.1.3)
  - SwiftFormat/CLI (0.49.7)
  - SwiftLint (0.47.1)

DEPENDENCIES:
  - Swiftea (from `../../`)
  - Swiftea/Tests (from `../../`)
  - SwiftFormat/CLI
  - SwiftLint

SPEC REPOS:
  trunk:
    - SwiftFormat
    - SwiftLint

EXTERNAL SOURCES:
  Swiftea:
    :path: "../../"

SPEC CHECKSUMS:
  Swiftea: a3e5ec0f2c73b066a0eff52f2ddff9f69bc31d2d
  SwiftFormat: b70e3c776a74c67ce8bd140425a8c86d4a843759
  SwiftLint: f80f1be7fa96d30e0aa68e58d45d4ea1ccaac519

PODFILE CHECKSUM: 3345e292211d8c780ba04de3cc1780aa18fa5979

COCOAPODS: 1.11.3
